{
  "name": "weblarek",
  "version": "1.0.0",
  "lockfileVersion": 3,
  "requires": true,
  "packages": {
    "": {
      "name": "weblarek",
      "version": "1.0.0",
      "license": "ISC",
      "dependencies": {
        "-": "^0.0.1",
        "@faker-js/faker": "^9.2.0"
      }
    },
    "node_modules/-": {
      "version": "0.0.1",
      "resolved": "http://npm.prakticum-team.ru/-/-/--0.0.1.tgz",
      "integrity": "sha512-3HfneK3DGAm05fpyj20sT3apkNcvPpCuccOThOPdzz8sY7GgQGe0l93XH9bt+YzibcTIgUAIMoyVJI740RtgyQ=="
    },
    "node_modules/@faker-js/faker": {
      "version": "9.2.0",
      "resolved": "http://npm.prakticum-team.ru/@faker-js/faker/-/faker-9.2.0.tgz",
      "integrity": "sha512-ulqQu4KMr1/sTFIYvqSdegHT8NIkt66tFAkugGnHA+1WAfEn6hMzNR+svjXGFRVLnapxvej67Z/LwchFrnLBUg==",
      "funding": [
        {
          "type": "opencollective",
          "url": "https://opencollective.com/fakerjs"
        }
      ],
      "engines": {
        "node": ">=18.0.0",
        "npm": ">=9.0.0"
      }
    }
  }
}
